
Microsoft Visual Studio Solution File, Format Version 12.00
# Visual Studio Version 16
VisualStudioVersion = 16.0.29613.14
MinimumVisualStudioVersion = 10.0.40219.1
Project("{FAE04EC0-301F-11D3-BF4B-00C04F79EFBC}") = "RSA_wpf", "RSA_wpf\RSA_wpf.csproj", "{070A9802-CB8E-441A-8B20-4B900963A017}"
EndProject
Global
	GlobalSection(SolutionConfigurationPlatforms) = preSolution
		Debug|Any CPU = Debug|Any CPU
		Release|Any CPU = Release|Any CPU
	EndGlobalSection
	GlobalSection(ProjectConfigurationPlatforms) = postSolution
		{070A9802-CB8E-441A-8B20-4B900963A017}.Debug|Any CPU.ActiveCfg = Debug|Any CPU
		{070A9802-CB8E-441A-8B20-4B900963A017}.Debug|Any CPU.Build.0 = Debug|Any CPU
		{070A9802-CB8E-441A-8B20-4B900963A017}.Release|Any CPU.ActiveCfg = Release|Any CPU
		{070A9802-CB8E-441A-8B20-4B900963A017}.Release|Any CPU.Build.0 = Release|Any CPU
	EndGlobalSection
	GlobalSection(SolutionProperties) = preSolution
		HideSolutionNode = FALSE
	EndGlobalSection
	GlobalSection(ExtensibilityGlobals) = postSolution
		SolutionGuid = {05ABC294-01FF-486C-BEB4-F1B6D28DA66E}
	EndGlobalSection
EndGlobal
